
Microsoft Visual Studio Solution File, Format Version 12.00
# Visual Studio 15
VisualStudioVersion = 15.0.26730.15
MinimumVisualStudioVersion = 10.0.40219.1
Project("{F184B08F-C81C-45F6-A57F-5ABD9991F28F}") = "AbstractInheritsInterface", "AbstractInheritsInterface\AbstractInheritsInterface.vbproj", "{224A7D59-FE06-4D9A-A7F1-A1F5F58E5DD4}"
EndProject
Global
	GlobalSection(SolutionConfigurationPlatforms) = preSolution
		Debug|Any CPU = Debug|Any CPU
		Release|Any CPU = Release|Any CPU
	EndGlobalSection
	GlobalSection(ProjectConfigurationPlatforms) = postSolution
		{224A7D59-FE06-4D9A-A7F1-A1F5F58E5DD4}.Debug|Any CPU.ActiveCfg = Debug|Any CPU
		{224A7D59-FE06-4D9A-A7F1-A1F5F58E5DD4}.Debug|Any CPU.Build.0 = Debug|Any CPU
		{224A7D59-FE06-4D9A-A7F1-A1F5F58E5DD4}.Release|Any CPU.ActiveCfg = Release|Any CPU
		{224A7D59-FE06-4D9A-A7F1-A1F5F58E5DD4}.Release|Any CPU.Build.0 = Release|Any CPU
	EndGlobalSection
	GlobalSection(SolutionProperties) = preSolution
		HideSolutionNode = FALSE
	EndGlobalSection
	GlobalSection(ExtensibilityGlobals) = postSolution
		SolutionGuid = {BEE052A4-8605-403B-AFCB-914DE908C0D7}
	EndGlobalSection
EndGlobal
