
Microsoft Visual Studio Solution File, Format Version 12.00
# Visual Studio 15
VisualStudioVersion = 15.0.26730.15
MinimumVisualStudioVersion = 10.0.40219.1
Project("{F184B08F-C81C-45F6-A57F-5ABD9991F28F}") = "St1Question2", "St1Question2\St1Question2.vbproj", "{E440B4A8-E449-4B67-8289-72C5B2E8C850}"
EndProject
Global
	GlobalSection(SolutionConfigurationPlatforms) = preSolution
		Debug|Any CPU = Debug|Any CPU
		Release|Any CPU = Release|Any CPU
	EndGlobalSection
	GlobalSection(ProjectConfigurationPlatforms) = postSolution
		{E440B4A8-E449-4B67-8289-72C5B2E8C850}.Debug|Any CPU.ActiveCfg = Debug|Any CPU
		{E440B4A8-E449-4B67-8289-72C5B2E8C850}.Debug|Any CPU.Build.0 = Debug|Any CPU
		{E440B4A8-E449-4B67-8289-72C5B2E8C850}.Release|Any CPU.ActiveCfg = Release|Any CPU
		{E440B4A8-E449-4B67-8289-72C5B2E8C850}.Release|Any CPU.Build.0 = Release|Any CPU
	EndGlobalSection
	GlobalSection(SolutionProperties) = preSolution
		HideSolutionNode = FALSE
	EndGlobalSection
	GlobalSection(ExtensibilityGlobals) = postSolution
		SolutionGuid = {050843EA-66C3-43D5-906D-AE5E686616D6}
	EndGlobalSection
EndGlobal
