
Microsoft Visual Studio Solution File, Format Version 12.00
# Visual Studio 15
VisualStudioVersion = 15.0.27703.2035
MinimumVisualStudioVersion = 10.0.40219.1
Project("{FAE04EC0-301F-11D3-BF4B-00C04F79EFBC}") = "PrintASCII", "PrintASCII\PrintASCII.csproj", "{1E69C12E-9471-4F8D-8BF0-1533EBF34206}"
EndProject
Global
	GlobalSection(SolutionConfigurationPlatforms) = preSolution
		Debug|Any CPU = Debug|Any CPU
		Release|Any CPU = Release|Any CPU
	EndGlobalSection
	GlobalSection(ProjectConfigurationPlatforms) = postSolution
		{1E69C12E-9471-4F8D-8BF0-1533EBF34206}.Debug|Any CPU.ActiveCfg = Debug|Any CPU
		{1E69C12E-9471-4F8D-8BF0-1533EBF34206}.Debug|Any CPU.Build.0 = Debug|Any CPU
		{1E69C12E-9471-4F8D-8BF0-1533EBF34206}.Release|Any CPU.ActiveCfg = Release|Any CPU
		{1E69C12E-9471-4F8D-8BF0-1533EBF34206}.Release|Any CPU.Build.0 = Release|Any CPU
	EndGlobalSection
	GlobalSection(SolutionProperties) = preSolution
		HideSolutionNode = FALSE
	EndGlobalSection
	GlobalSection(ExtensibilityGlobals) = postSolution
		SolutionGuid = {0B5E77F3-B02F-4F0C-AC5A-51DA8F22B269}
	EndGlobalSection
EndGlobal
