
Microsoft Visual Studio Solution File, Format Version 12.00
# Visual Studio 15
VisualStudioVersion = 15.0.27703.2035
MinimumVisualStudioVersion = 10.0.40219.1
Project("{FAE04EC0-301F-11D3-BF4B-00C04F79EFBC}") = "Factorial Calculation", "Factorial Calculation\Factorial Calculation.csproj", "{0410DBA4-5171-4AD2-8657-7971B7EA457E}"
EndProject
Global
	GlobalSection(SolutionConfigurationPlatforms) = preSolution
		Debug|Any CPU = Debug|Any CPU
		Release|Any CPU = Release|Any CPU
	EndGlobalSection
	GlobalSection(ProjectConfigurationPlatforms) = postSolution
		{0410DBA4-5171-4AD2-8657-7971B7EA457E}.Debug|Any CPU.ActiveCfg = Debug|Any CPU
		{0410DBA4-5171-4AD2-8657-7971B7EA457E}.Debug|Any CPU.Build.0 = Debug|Any CPU
		{0410DBA4-5171-4AD2-8657-7971B7EA457E}.Release|Any CPU.ActiveCfg = Release|Any CPU
		{0410DBA4-5171-4AD2-8657-7971B7EA457E}.Release|Any CPU.Build.0 = Release|Any CPU
	EndGlobalSection
	GlobalSection(SolutionProperties) = preSolution
		HideSolutionNode = FALSE
	EndGlobalSection
	GlobalSection(ExtensibilityGlobals) = postSolution
		SolutionGuid = {D0B13D57-044E-4070-AAE0-D1D5717C556C}
	EndGlobalSection
EndGlobal
