
Microsoft Visual Studio Solution File, Format Version 12.00
# Visual Studio 15
VisualStudioVersion = 15.0.26730.15
MinimumVisualStudioVersion = 10.0.40219.1
Project("{F184B08F-C81C-45F6-A57F-5ABD9991F28F}") = "Factorial", "Factorial\Factorial.vbproj", "{B91E2958-B206-48A0-9C81-C71058E71608}"
EndProject
Global
	GlobalSection(SolutionConfigurationPlatforms) = preSolution
		Debug|Any CPU = Debug|Any CPU
		Release|Any CPU = Release|Any CPU
	EndGlobalSection
	GlobalSection(ProjectConfigurationPlatforms) = postSolution
		{B91E2958-B206-48A0-9C81-C71058E71608}.Debug|Any CPU.ActiveCfg = Debug|Any CPU
		{B91E2958-B206-48A0-9C81-C71058E71608}.Debug|Any CPU.Build.0 = Debug|Any CPU
		{B91E2958-B206-48A0-9C81-C71058E71608}.Release|Any CPU.ActiveCfg = Release|Any CPU
		{B91E2958-B206-48A0-9C81-C71058E71608}.Release|Any CPU.Build.0 = Release|Any CPU
	EndGlobalSection
	GlobalSection(SolutionProperties) = preSolution
		HideSolutionNode = FALSE
	EndGlobalSection
	GlobalSection(ExtensibilityGlobals) = postSolution
		SolutionGuid = {5160ED04-0B95-40F6-A878-B01A03F09D59}
	EndGlobalSection
EndGlobal
