
Microsoft Visual Studio Solution File, Format Version 12.00
# Visual Studio 15
VisualStudioVersion = 15.0.26730.15
MinimumVisualStudioVersion = 10.0.40219.1
Project("{F184B08F-C81C-45F6-A57F-5ABD9991F28F}") = "Question6", "Question6\Question6.vbproj", "{2ECB938B-EF22-43D8-A065-6210D51BE6DF}"
EndProject
Global
	GlobalSection(SolutionConfigurationPlatforms) = preSolution
		Debug|Any CPU = Debug|Any CPU
		Release|Any CPU = Release|Any CPU
	EndGlobalSection
	GlobalSection(ProjectConfigurationPlatforms) = postSolution
		{2ECB938B-EF22-43D8-A065-6210D51BE6DF}.Debug|Any CPU.ActiveCfg = Debug|Any CPU
		{2ECB938B-EF22-43D8-A065-6210D51BE6DF}.Debug|Any CPU.Build.0 = Debug|Any CPU
		{2ECB938B-EF22-43D8-A065-6210D51BE6DF}.Release|Any CPU.ActiveCfg = Release|Any CPU
		{2ECB938B-EF22-43D8-A065-6210D51BE6DF}.Release|Any CPU.Build.0 = Release|Any CPU
	EndGlobalSection
	GlobalSection(SolutionProperties) = preSolution
		HideSolutionNode = FALSE
	EndGlobalSection
	GlobalSection(ExtensibilityGlobals) = postSolution
		SolutionGuid = {46BD1C5B-0A0E-4B0B-87E6-1F3E321A57EC}
	EndGlobalSection
EndGlobal
