
Microsoft Visual Studio Solution File, Format Version 12.00
# Visual Studio 15
VisualStudioVersion = 15.0.27703.2035
MinimumVisualStudioVersion = 10.0.40219.1
Project("{FAE04EC0-301F-11D3-BF4B-00C04F79EFBC}") = "Validation Controls Example", "Validation Controls Example\Validation Controls Example.csproj", "{CE78B139-2CF1-4002-9C77-A7FF812AA92A}"
EndProject
Global
	GlobalSection(SolutionConfigurationPlatforms) = preSolution
		Debug|Any CPU = Debug|Any CPU
		Release|Any CPU = Release|Any CPU
	EndGlobalSection
	GlobalSection(ProjectConfigurationPlatforms) = postSolution
		{CE78B139-2CF1-4002-9C77-A7FF812AA92A}.Debug|Any CPU.ActiveCfg = Debug|Any CPU
		{CE78B139-2CF1-4002-9C77-A7FF812AA92A}.Debug|Any CPU.Build.0 = Debug|Any CPU
		{CE78B139-2CF1-4002-9C77-A7FF812AA92A}.Release|Any CPU.ActiveCfg = Release|Any CPU
		{CE78B139-2CF1-4002-9C77-A7FF812AA92A}.Release|Any CPU.Build.0 = Release|Any CPU
	EndGlobalSection
	GlobalSection(SolutionProperties) = preSolution
		HideSolutionNode = FALSE
	EndGlobalSection
	GlobalSection(ExtensibilityGlobals) = postSolution
		SolutionGuid = {3C06CE87-F605-495F-A510-403E1180A2AA}
	EndGlobalSection
EndGlobal
