
Microsoft Visual Studio Solution File, Format Version 12.00
# Visual Studio 15
VisualStudioVersion = 15.0.27703.2035
MinimumVisualStudioVersion = 10.0.40219.1
Project("{FAE04EC0-301F-11D3-BF4B-00C04F79EFBC}") = "Hello", "Hello\Hello.csproj", "{589591F8-40DC-4AC9-889A-DEA34570AE38}"
EndProject
Global
	GlobalSection(SolutionConfigurationPlatforms) = preSolution
		Debug|Any CPU = Debug|Any CPU
		Release|Any CPU = Release|Any CPU
	EndGlobalSection
	GlobalSection(ProjectConfigurationPlatforms) = postSolution
		{589591F8-40DC-4AC9-889A-DEA34570AE38}.Debug|Any CPU.ActiveCfg = Debug|Any CPU
		{589591F8-40DC-4AC9-889A-DEA34570AE38}.Debug|Any CPU.Build.0 = Debug|Any CPU
		{589591F8-40DC-4AC9-889A-DEA34570AE38}.Release|Any CPU.ActiveCfg = Release|Any CPU
		{589591F8-40DC-4AC9-889A-DEA34570AE38}.Release|Any CPU.Build.0 = Release|Any CPU
	EndGlobalSection
	GlobalSection(SolutionProperties) = preSolution
		HideSolutionNode = FALSE
	EndGlobalSection
	GlobalSection(ExtensibilityGlobals) = postSolution
		SolutionGuid = {3FCE10F9-6B28-41D5-AAEA-E1B396E49EB6}
	EndGlobalSection
EndGlobal
