
Microsoft Visual Studio Solution File, Format Version 12.00
# Visual Studio 15
VisualStudioVersion = 15.0.26730.15
MinimumVisualStudioVersion = 10.0.40219.1
Project("{F184B08F-C81C-45F6-A57F-5ABD9991F28F}") = "AbstractExample1", "AbstractExample1\AbstractExample1.vbproj", "{A41741AF-A557-4790-86FF-9E9B99694697}"
EndProject
Global
	GlobalSection(SolutionConfigurationPlatforms) = preSolution
		Debug|Any CPU = Debug|Any CPU
		Release|Any CPU = Release|Any CPU
	EndGlobalSection
	GlobalSection(ProjectConfigurationPlatforms) = postSolution
		{A41741AF-A557-4790-86FF-9E9B99694697}.Debug|Any CPU.ActiveCfg = Debug|Any CPU
		{A41741AF-A557-4790-86FF-9E9B99694697}.Debug|Any CPU.Build.0 = Debug|Any CPU
		{A41741AF-A557-4790-86FF-9E9B99694697}.Release|Any CPU.ActiveCfg = Release|Any CPU
		{A41741AF-A557-4790-86FF-9E9B99694697}.Release|Any CPU.Build.0 = Release|Any CPU
	EndGlobalSection
	GlobalSection(SolutionProperties) = preSolution
		HideSolutionNode = FALSE
	EndGlobalSection
	GlobalSection(ExtensibilityGlobals) = postSolution
		SolutionGuid = {C326353C-E9F5-4BD8-BAC9-35C4889B41C1}
	EndGlobalSection
EndGlobal
