
Microsoft Visual Studio Solution File, Format Version 12.00
# Visual Studio 15
VisualStudioVersion = 15.0.28010.2019
MinimumVisualStudioVersion = 10.0.40219.1
Project("{FAE04EC0-301F-11D3-BF4B-00C04F79EFBC}") = "Query String Example", "Query String Example\Query String Example.csproj", "{A54C3397-B865-4B42-BF5A-BFAA266E1E48}"
EndProject
Global
	GlobalSection(SolutionConfigurationPlatforms) = preSolution
		Debug|Any CPU = Debug|Any CPU
		Release|Any CPU = Release|Any CPU
	EndGlobalSection
	GlobalSection(ProjectConfigurationPlatforms) = postSolution
		{A54C3397-B865-4B42-BF5A-BFAA266E1E48}.Debug|Any CPU.ActiveCfg = Debug|Any CPU
		{A54C3397-B865-4B42-BF5A-BFAA266E1E48}.Debug|Any CPU.Build.0 = Debug|Any CPU
		{A54C3397-B865-4B42-BF5A-BFAA266E1E48}.Release|Any CPU.ActiveCfg = Release|Any CPU
		{A54C3397-B865-4B42-BF5A-BFAA266E1E48}.Release|Any CPU.Build.0 = Release|Any CPU
	EndGlobalSection
	GlobalSection(SolutionProperties) = preSolution
		HideSolutionNode = FALSE
	EndGlobalSection
	GlobalSection(ExtensibilityGlobals) = postSolution
		SolutionGuid = {7EDDFD2E-18AF-4B9E-965E-578CC53327C2}
	EndGlobalSection
EndGlobal
