
Microsoft Visual Studio Solution File, Format Version 12.00
# Visual Studio 15
VisualStudioVersion = 15.0.27703.2035
MinimumVisualStudioVersion = 10.0.40219.1
Project("{FAE04EC0-301F-11D3-BF4B-00C04F79EFBC}") = "Prime Number 1 to 100", "Prime Number 1 to 100\Prime Number 1 to 100.csproj", "{B9057137-E21A-4F5C-9D9D-F254A532D60C}"
EndProject
Global
	GlobalSection(SolutionConfigurationPlatforms) = preSolution
		Debug|Any CPU = Debug|Any CPU
		Release|Any CPU = Release|Any CPU
	EndGlobalSection
	GlobalSection(ProjectConfigurationPlatforms) = postSolution
		{B9057137-E21A-4F5C-9D9D-F254A532D60C}.Debug|Any CPU.ActiveCfg = Debug|Any CPU
		{B9057137-E21A-4F5C-9D9D-F254A532D60C}.Debug|Any CPU.Build.0 = Debug|Any CPU
		{B9057137-E21A-4F5C-9D9D-F254A532D60C}.Release|Any CPU.ActiveCfg = Release|Any CPU
		{B9057137-E21A-4F5C-9D9D-F254A532D60C}.Release|Any CPU.Build.0 = Release|Any CPU
	EndGlobalSection
	GlobalSection(SolutionProperties) = preSolution
		HideSolutionNode = FALSE
	EndGlobalSection
	GlobalSection(ExtensibilityGlobals) = postSolution
		SolutionGuid = {6077ECA5-6BE3-46D0-A15A-62C45D7A5876}
	EndGlobalSection
EndGlobal
