
Microsoft Visual Studio Solution File, Format Version 12.00
# Visual Studio 15
VisualStudioVersion = 15.0.26730.15
MinimumVisualStudioVersion = 10.0.40219.1
Project("{F184B08F-C81C-45F6-A57F-5ABD9991F28F}") = "ExampleAdditionSubstraction", "ExampleAdditionSubstraction\ExampleAdditionSubstraction.vbproj", "{EAB756B6-643C-409F-B8AC-B2A86C698B50}"
EndProject
Global
	GlobalSection(SolutionConfigurationPlatforms) = preSolution
		Debug|Any CPU = Debug|Any CPU
		Release|Any CPU = Release|Any CPU
	EndGlobalSection
	GlobalSection(ProjectConfigurationPlatforms) = postSolution
		{EAB756B6-643C-409F-B8AC-B2A86C698B50}.Debug|Any CPU.ActiveCfg = Debug|Any CPU
		{EAB756B6-643C-409F-B8AC-B2A86C698B50}.Debug|Any CPU.Build.0 = Debug|Any CPU
		{EAB756B6-643C-409F-B8AC-B2A86C698B50}.Release|Any CPU.ActiveCfg = Release|Any CPU
		{EAB756B6-643C-409F-B8AC-B2A86C698B50}.Release|Any CPU.Build.0 = Release|Any CPU
	EndGlobalSection
	GlobalSection(SolutionProperties) = preSolution
		HideSolutionNode = FALSE
	EndGlobalSection
	GlobalSection(ExtensibilityGlobals) = postSolution
		SolutionGuid = {C04F9DB6-D57F-461C-9229-468742A4FBB7}
	EndGlobalSection
EndGlobal
