
Microsoft Visual Studio Solution File, Format Version 12.00
# Visual Studio 15
VisualStudioVersion = 15.0.27703.2035
MinimumVisualStudioVersion = 10.0.40219.1
Project("{FAE04EC0-301F-11D3-BF4B-00C04F79EFBC}") = "DivisibleBy5", "DivisibleBy5\DivisibleBy5.csproj", "{2BDDFD20-9C87-401C-8E1D-F4484D0E8749}"
EndProject
Global
	GlobalSection(SolutionConfigurationPlatforms) = preSolution
		Debug|Any CPU = Debug|Any CPU
		Release|Any CPU = Release|Any CPU
	EndGlobalSection
	GlobalSection(ProjectConfigurationPlatforms) = postSolution
		{2BDDFD20-9C87-401C-8E1D-F4484D0E8749}.Debug|Any CPU.ActiveCfg = Debug|Any CPU
		{2BDDFD20-9C87-401C-8E1D-F4484D0E8749}.Debug|Any CPU.Build.0 = Debug|Any CPU
		{2BDDFD20-9C87-401C-8E1D-F4484D0E8749}.Release|Any CPU.ActiveCfg = Release|Any CPU
		{2BDDFD20-9C87-401C-8E1D-F4484D0E8749}.Release|Any CPU.Build.0 = Release|Any CPU
	EndGlobalSection
	GlobalSection(SolutionProperties) = preSolution
		HideSolutionNode = FALSE
	EndGlobalSection
	GlobalSection(ExtensibilityGlobals) = postSolution
		SolutionGuid = {F277C1B9-CD20-4C05-B95C-73DCF37A5330}
	EndGlobalSection
EndGlobal
