
Microsoft Visual Studio Solution File, Format Version 12.00
# Visual Studio 15
VisualStudioVersion = 15.0.27004.2005
MinimumVisualStudioVersion = 10.0.40219.1
Project("{F184B08F-C81C-45F6-A57F-5ABD9991F28F}") = "Question3", "Question3\Question3.vbproj", "{F100C4F5-3A17-4DA6-9A37-444716ECA342}"
EndProject
Global
	GlobalSection(SolutionConfigurationPlatforms) = preSolution
		Debug|Any CPU = Debug|Any CPU
		Release|Any CPU = Release|Any CPU
	EndGlobalSection
	GlobalSection(ProjectConfigurationPlatforms) = postSolution
		{F100C4F5-3A17-4DA6-9A37-444716ECA342}.Debug|Any CPU.ActiveCfg = Debug|Any CPU
		{F100C4F5-3A17-4DA6-9A37-444716ECA342}.Debug|Any CPU.Build.0 = Debug|Any CPU
		{F100C4F5-3A17-4DA6-9A37-444716ECA342}.Release|Any CPU.ActiveCfg = Release|Any CPU
		{F100C4F5-3A17-4DA6-9A37-444716ECA342}.Release|Any CPU.Build.0 = Release|Any CPU
	EndGlobalSection
	GlobalSection(SolutionProperties) = preSolution
		HideSolutionNode = FALSE
	EndGlobalSection
	GlobalSection(ExtensibilityGlobals) = postSolution
		SolutionGuid = {290E8AC3-7F51-4796-8353-994DF4F13476}
	EndGlobalSection
EndGlobal
