
Microsoft Visual Studio Solution File, Format Version 12.00
# Visual Studio 15
VisualStudioVersion = 15.0.28010.2019
MinimumVisualStudioVersion = 10.0.40219.1
Project("{FAE04EC0-301F-11D3-BF4B-00C04F79EFBC}") = "Set3Question2", "Set3Question2\Set3Question2.csproj", "{ED31E35B-EAA6-43B9-8C19-140137C4E974}"
EndProject
Global
	GlobalSection(SolutionConfigurationPlatforms) = preSolution
		Debug|Any CPU = Debug|Any CPU
		Release|Any CPU = Release|Any CPU
	EndGlobalSection
	GlobalSection(ProjectConfigurationPlatforms) = postSolution
		{ED31E35B-EAA6-43B9-8C19-140137C4E974}.Debug|Any CPU.ActiveCfg = Debug|Any CPU
		{ED31E35B-EAA6-43B9-8C19-140137C4E974}.Debug|Any CPU.Build.0 = Debug|Any CPU
		{ED31E35B-EAA6-43B9-8C19-140137C4E974}.Release|Any CPU.ActiveCfg = Release|Any CPU
		{ED31E35B-EAA6-43B9-8C19-140137C4E974}.Release|Any CPU.Build.0 = Release|Any CPU
	EndGlobalSection
	GlobalSection(SolutionProperties) = preSolution
		HideSolutionNode = FALSE
	EndGlobalSection
	GlobalSection(ExtensibilityGlobals) = postSolution
		SolutionGuid = {13F637D4-A350-44E5-B587-C3D4527FE271}
	EndGlobalSection
EndGlobal
