
Microsoft Visual Studio Solution File, Format Version 12.00
# Visual Studio 15
VisualStudioVersion = 15.0.27703.2035
MinimumVisualStudioVersion = 10.0.40219.1
Project("{FAE04EC0-301F-11D3-BF4B-00C04F79EFBC}") = "Custom Validator", "Custom Validator\Custom Validator.csproj", "{0152A72B-5280-4520-A19E-E82D98B1BFDA}"
EndProject
Global
	GlobalSection(SolutionConfigurationPlatforms) = preSolution
		Debug|Any CPU = Debug|Any CPU
		Release|Any CPU = Release|Any CPU
	EndGlobalSection
	GlobalSection(ProjectConfigurationPlatforms) = postSolution
		{0152A72B-5280-4520-A19E-E82D98B1BFDA}.Debug|Any CPU.ActiveCfg = Debug|Any CPU
		{0152A72B-5280-4520-A19E-E82D98B1BFDA}.Debug|Any CPU.Build.0 = Debug|Any CPU
		{0152A72B-5280-4520-A19E-E82D98B1BFDA}.Release|Any CPU.ActiveCfg = Release|Any CPU
		{0152A72B-5280-4520-A19E-E82D98B1BFDA}.Release|Any CPU.Build.0 = Release|Any CPU
	EndGlobalSection
	GlobalSection(SolutionProperties) = preSolution
		HideSolutionNode = FALSE
	EndGlobalSection
	GlobalSection(ExtensibilityGlobals) = postSolution
		SolutionGuid = {19BA6310-82AA-431D-B5F4-478BFC0706A4}
	EndGlobalSection
EndGlobal
