
Microsoft Visual Studio Solution File, Format Version 12.00
# Visual Studio 15
VisualStudioVersion = 15.0.27703.2035
MinimumVisualStudioVersion = 10.0.40219.1
Project("{FAE04EC0-301F-11D3-BF4B-00C04F79EFBC}") = "Print Days On Number Input", "Print Days On Number Input\Print Days On Number Input.csproj", "{B8CB771C-BD31-4569-859F-4A70B69A1AD4}"
EndProject
Global
	GlobalSection(SolutionConfigurationPlatforms) = preSolution
		Debug|Any CPU = Debug|Any CPU
		Release|Any CPU = Release|Any CPU
	EndGlobalSection
	GlobalSection(ProjectConfigurationPlatforms) = postSolution
		{B8CB771C-BD31-4569-859F-4A70B69A1AD4}.Debug|Any CPU.ActiveCfg = Debug|Any CPU
		{B8CB771C-BD31-4569-859F-4A70B69A1AD4}.Debug|Any CPU.Build.0 = Debug|Any CPU
		{B8CB771C-BD31-4569-859F-4A70B69A1AD4}.Release|Any CPU.ActiveCfg = Release|Any CPU
		{B8CB771C-BD31-4569-859F-4A70B69A1AD4}.Release|Any CPU.Build.0 = Release|Any CPU
	EndGlobalSection
	GlobalSection(SolutionProperties) = preSolution
		HideSolutionNode = FALSE
	EndGlobalSection
	GlobalSection(ExtensibilityGlobals) = postSolution
		SolutionGuid = {A7D6C612-2720-4211-927F-88D65C7128CF}
	EndGlobalSection
EndGlobal
