
Microsoft Visual Studio Solution File, Format Version 12.00
# Visual Studio 15
VisualStudioVersion = 15.0.27703.2035
MinimumVisualStudioVersion = 10.0.40219.1
Project("{FAE04EC0-301F-11D3-BF4B-00C04F79EFBC}") = "Armstrong (Check)", "Armstrong (Check)\Armstrong (Check).csproj", "{80ED286A-B281-40D1-AA21-2C4271D7E10E}"
EndProject
Global
	GlobalSection(SolutionConfigurationPlatforms) = preSolution
		Debug|Any CPU = Debug|Any CPU
		Release|Any CPU = Release|Any CPU
	EndGlobalSection
	GlobalSection(ProjectConfigurationPlatforms) = postSolution
		{80ED286A-B281-40D1-AA21-2C4271D7E10E}.Debug|Any CPU.ActiveCfg = Debug|Any CPU
		{80ED286A-B281-40D1-AA21-2C4271D7E10E}.Debug|Any CPU.Build.0 = Debug|Any CPU
		{80ED286A-B281-40D1-AA21-2C4271D7E10E}.Release|Any CPU.ActiveCfg = Release|Any CPU
		{80ED286A-B281-40D1-AA21-2C4271D7E10E}.Release|Any CPU.Build.0 = Release|Any CPU
	EndGlobalSection
	GlobalSection(SolutionProperties) = preSolution
		HideSolutionNode = FALSE
	EndGlobalSection
	GlobalSection(ExtensibilityGlobals) = postSolution
		SolutionGuid = {66A27506-36FD-426A-AC12-C4A05389587B}
	EndGlobalSection
EndGlobal
